
Microsoft Visual Studio Solution File, Format Version 12.00
# Visual Studio Version 17
VisualStudioVersion = 17.5.002.0
MinimumVisualStudioVersion = 10.0.40219.1
Project("{2150E333-8FDC-42A3-9474-1A3956D46DE8}") = "csharp-prep", "csharp-prep", "{06302422-4C83-436E-AD15-139B16D0F479}"
EndProject
Project("{9A19103F-16F7-4668-BE54-9A1E7A4F7556}") = "Prep1", "csharp-prep\Prep1\Prep1.csproj", "{B958C644-3C0B-4497-B8B2-C225713A2A91}"
EndProject
Project("{9A19103F-16F7-4668-BE54-9A1E7A4F7556}") = "Prep2", "csharp-prep\Prep2\Prep2.csproj", "{07B1870B-D72F-435F-B4B5-50B6BCE71E0F}"
EndProject
Project("{9A19103F-16F7-4668-BE54-9A1E7A4F7556}") = "Prep3", "csharp-prep\Prep3\Prep3.csproj", "{6D9D3451-B18D-42F2-847E-0B337668A6ED}"
EndProject
Project("{9A19103F-16F7-4668-BE54-9A1E7A4F7556}") = "Prep4", "csharp-prep\Prep4\Prep4.csproj", "{AB9624FB-27E6-49DC-A369-2FC8AF664729}"
EndProject
Project("{9A19103F-16F7-4668-BE54-9A1E7A4F7556}") = "Prep5", "csharp-prep\Prep5\Prep5.csproj", "{E5DF32F0-3336-4E43-8B7C-AF9D4171AB7D}"
EndProject
Project("{2150E333-8FDC-42A3-9474-1A3956D46DE8}") = "final", "final", "{E8FF38B3-B3E2-4162-A762-C9220E7672ED}"
EndProject
Project("{9A19103F-16F7-4668-BE54-9A1E7A4F7556}") = "FinalProject", "final\FinalProject\FinalProject.csproj", "{C33D34BA-6105-4EBB-98A9-FC5230AD8632}"
EndProject
Project("{9A19103F-16F7-4668-BE54-9A1E7A4F7556}") = "Foundation1", "final\Foundation1\Foundation1.csproj", "{95556809-EB39-435D-A850-D96CCE538911}"
EndProject
Project("{9A19103F-16F7-4668-BE54-9A1E7A4F7556}") = "Foundation2", "final\Foundation2\Foundation2.csproj", "{D0F3E397-E6A8-41DC-8175-2F8AA9B97852}"
EndProject
Project("{9A19103F-16F7-4668-BE54-9A1E7A4F7556}") = "Foundation3", "final\Foundation3\Foundation3.csproj", "{09CBDCA5-BDC3-4EA1-B40E-D0B2ED6DC45C}"
EndProject
Project("{9A19103F-16F7-4668-BE54-9A1E7A4F7556}") = "Foundation4", "final\Foundation4\Foundation4.csproj", "{A913E591-62DD-4A04-8472-407CF7A58D1B}"
EndProject
Project("{2150E333-8FDC-42A3-9474-1A3956D46DE8}") = "prepare", "prepare", "{4160DF20-D6F3-4E6E-803C-C89798718A23}"
EndProject
Project("{9A19103F-16F7-4668-BE54-9A1E7A4F7556}") = "Learning02", "prepare\Learning02\Learning02.csproj", "{57AD9C3A-F128-453A-B5C8-F716274B967F}"
EndProject
Project("{9A19103F-16F7-4668-BE54-9A1E7A4F7556}") = "Learning03", "prepare\Learning03\Learning03.csproj", "{273715AF-0D03-44FD-B229-880938B80C12}"
EndProject
Project("{9A19103F-16F7-4668-BE54-9A1E7A4F7556}") = "Learning04", "prepare\Learning04\Learning04.csproj", "{DC1157F1-7037-4AA9-9B1B-0C857E29CF90}"
EndProject
Project("{9A19103F-16F7-4668-BE54-9A1E7A4F7556}") = "Learning05", "prepare\Learning05\Learning05.csproj", "{3E4BD0C8-AC38-4F5A-984F-5DA5530D0443}"
EndProject
Project("{2150E333-8FDC-42A3-9474-1A3956D46DE8}") = "prove", "prove", "{E578BFAB-BFEF-4295-81EC-00AB82C90F34}"
EndProject
Project("{9A19103F-16F7-4668-BE54-9A1E7A4F7556}") = "Develop02", "prove\Develop02\Develop02.csproj", "{676393AE-D955-4A89-BB11-CF9597092D9E}"
EndProject
Project("{9A19103F-16F7-4668-BE54-9A1E7A4F7556}") = "Develop03", "prove\Develop03\Develop03.csproj", "{F1E945FD-8C1A-49A2-9C25-C33D5F08BAEA}"
EndProject
Project("{9A19103F-16F7-4668-BE54-9A1E7A4F7556}") = "Develop04", "prove\Develop04\Develop04.csproj", "{BCAB205D-213F-44A1-B407-5E27E5B6E718}"
EndProject
Project("{9A19103F-16F7-4668-BE54-9A1E7A4F7556}") = "Develop05", "prove\Develop05\Develop05.csproj", "{66B9DCAB-EAAD-4C50-8C9C-E96F436C4510}"
EndProject
Project("{2150E333-8FDC-42A3-9474-1A3956D46DE8}") = "sandbox", "sandbox", "{C0FDFB05-B630-4621-9676-96E178D5196D}"
EndProject
Project("{9A19103F-16F7-4668-BE54-9A1E7A4F7556}") = "Sandbox", "sandbox\Sandbox\Sandbox.csproj", "{31615263-CBBD-47CC-9D8F-1F2674938C67}"
EndProject
Global
	GlobalSection(SolutionConfigurationPlatforms) = preSolution
		Debug|Any CPU = Debug|Any CPU
		Release|Any CPU = Release|Any CPU
	EndGlobalSection
	GlobalSection(ProjectConfigurationPlatforms) = postSolution
		{B958C644-3C0B-4497-B8B2-C225713A2A91}.Debug|Any CPU.ActiveCfg = Debug|Any CPU
		{B958C644-3C0B-4497-B8B2-C225713A2A91}.Debug|Any CPU.Build.0 = Debug|Any CPU
		{B958C644-3C0B-4497-B8B2-C225713A2A91}.Release|Any CPU.ActiveCfg = Release|Any CPU
		{B958C644-3C0B-4497-B8B2-C225713A2A91}.Release|Any CPU.Build.0 = Release|Any CPU
		{07B1870B-D72F-435F-B4B5-50B6BCE71E0F}.Debug|Any CPU.ActiveCfg = Debug|Any CPU
		{07B1870B-D72F-435F-B4B5-50B6BCE71E0F}.Debug|Any CPU.Build.0 = Debug|Any CPU
		{07B1870B-D72F-435F-B4B5-50B6BCE71E0F}.Release|Any CPU.ActiveCfg = Release|Any CPU
		{07B1870B-D72F-435F-B4B5-50B6BCE71E0F}.Release|Any CPU.Build.0 = Release|Any CPU
		{6D9D3451-B18D-42F2-847E-0B337668A6ED}.Debug|Any CPU.ActiveCfg = Debug|Any CPU
		{6D9D3451-B18D-42F2-847E-0B337668A6ED}.Debug|Any CPU.Build.0 = Debug|Any CPU
		{6D9D3451-B18D-42F2-847E-0B337668A6ED}.Release|Any CPU.ActiveCfg = Release|Any CPU
		{6D9D3451-B18D-42F2-847E-0B337668A6ED}.Release|Any CPU.Build.0 = Release|Any CPU
		{AB9624FB-27E6-49DC-A369-2FC8AF664729}.Debug|Any CPU.ActiveCfg = Debug|Any CPU
		{AB9624FB-27E6-49DC-A369-2FC8AF664729}.Debug|Any CPU.Build.0 = Debug|Any CPU
		{AB9624FB-27E6-49DC-A369-2FC8AF664729}.Release|Any CPU.ActiveCfg = Release|Any CPU
		{AB9624FB-27E6-49DC-A369-2FC8AF664729}.Release|Any CPU.Build.0 = Release|Any CPU
		{E5DF32F0-3336-4E43-8B7C-AF9D4171AB7D}.Debug|Any CPU.ActiveCfg = Debug|Any CPU
		{E5DF32F0-3336-4E43-8B7C-AF9D4171AB7D}.Debug|Any CPU.Build.0 = Debug|Any CPU
		{E5DF32F0-3336-4E43-8B7C-AF9D4171AB7D}.Release|Any CPU.ActiveCfg = Release|Any CPU
		{E5DF32F0-3336-4E43-8B7C-AF9D4171AB7D}.Release|Any CPU.Build.0 = Release|Any CPU
		{C33D34BA-6105-4EBB-98A9-FC5230AD8632}.Debug|Any CPU.ActiveCfg = Debug|Any CPU
		{C33D34BA-6105-4EBB-98A9-FC5230AD8632}.Debug|Any CPU.Build.0 = Debug|Any CPU
		{C33D34BA-6105-4EBB-98A9-FC5230AD8632}.Release|Any CPU.ActiveCfg = Release|Any CPU
		{C33D34BA-6105-4EBB-98A9-FC5230AD8632}.Release|Any CPU.Build.0 = Release|Any CPU
		{95556809-EB39-435D-A850-D96CCE538911}.Debug|Any CPU.ActiveCfg = Debug|Any CPU
		{95556809-EB39-435D-A850-D96CCE538911}.Debug|Any CPU.Build.0 = Debug|Any CPU
		{95556809-EB39-435D-A850-D96CCE538911}.Release|Any CPU.ActiveCfg = Release|Any CPU
		{95556809-EB39-435D-A850-D96CCE538911}.Release|Any CPU.Build.0 = Release|Any CPU
		{D0F3E397-E6A8-41DC-8175-2F8AA9B97852}.Debug|Any CPU.ActiveCfg = Debug|Any CPU
		{D0F3E397-E6A8-41DC-8175-2F8AA9B97852}.Debug|Any CPU.Build.0 = Debug|Any CPU
		{D0F3E397-E6A8-41DC-8175-2F8AA9B97852}.Release|Any CPU.ActiveCfg = Release|Any CPU
		{D0F3E397-E6A8-41DC-8175-2F8AA9B97852}.Release|Any CPU.Build.0 = Release|Any CPU
		{09CBDCA5-BDC3-4EA1-B40E-D0B2ED6DC45C}.Debug|Any CPU.ActiveCfg = Debug|Any CPU
		{09CBDCA5-BDC3-4EA1-B40E-D0B2ED6DC45C}.Debug|Any CPU.Build.0 = Debug|Any CPU
		{09CBDCA5-BDC3-4EA1-B40E-D0B2ED6DC45C}.Release|Any CPU.ActiveCfg = Release|Any CPU
		{09CBDCA5-BDC3-4EA1-B40E-D0B2ED6DC45C}.Release|Any CPU.Build.0 = Release|Any CPU
		{A913E591-62DD-4A04-8472-407CF7A58D1B}.Debug|Any CPU.ActiveCfg = Debug|Any CPU
		{A913E591-62DD-4A04-8472-407CF7A58D1B}.Debug|Any CPU.Build.0 = Debug|Any CPU
		{A913E591-62DD-4A04-8472-407CF7A58D1B}.Release|Any CPU.ActiveCfg = Release|Any CPU
		{A913E591-62DD-4A04-8472-407CF7A58D1B}.Release|Any CPU.Build.0 = Release|Any CPU
		{57AD9C3A-F128-453A-B5C8-F716274B967F}.Debug|Any CPU.ActiveCfg = Debug|Any CPU
		{57AD9C3A-F128-453A-B5C8-F716274B967F}.Debug|Any CPU.Build.0 = Debug|Any CPU
		{57AD9C3A-F128-453A-B5C8-F716274B967F}.Release|Any CPU.ActiveCfg = Release|Any CPU
		{57AD9C3A-F128-453A-B5C8-F716274B967F}.Release|Any CPU.Build.0 = Release|Any CPU
		{273715AF-0D03-44FD-B229-880938B80C12}.Debug|Any CPU.ActiveCfg = Debug|Any CPU
		{273715AF-0D03-44FD-B229-880938B80C12}.Debug|Any CPU.Build.0 = Debug|Any CPU
		{273715AF-0D03-44FD-B229-880938B80C12}.Release|Any CPU.ActiveCfg = Release|Any CPU
		{273715AF-0D03-44FD-B229-880938B80C12}.Release|Any CPU.Build.0 = Release|Any CPU
		{DC1157F1-7037-4AA9-9B1B-0C857E29CF90}.Debug|Any CPU.ActiveCfg = Debug|Any CPU
		{DC1157F1-7037-4AA9-9B1B-0C857E29CF90}.Debug|Any CPU.Build.0 = Debug|Any CPU
		{DC1157F1-7037-4AA9-9B1B-0C857E29CF90}.Release|Any CPU.ActiveCfg = Release|Any CPU
		{DC1157F1-7037-4AA9-9B1B-0C857E29CF90}.Release|Any CPU.Build.0 = Release|Any CPU
		{3E4BD0C8-AC38-4F5A-984F-5DA5530D0443}.Debug|Any CPU.ActiveCfg = Debug|Any CPU
		{3E4BD0C8-AC38-4F5A-984F-5DA5530D0443}.Debug|Any CPU.Build.0 = Debug|Any CPU
		{3E4BD0C8-AC38-4F5A-984F-5DA5530D0443}.Release|Any CPU.ActiveCfg = Release|Any CPU
		{3E4BD0C8-AC38-4F5A-984F-5DA5530D0443}.Release|Any CPU.Build.0 = Release|Any CPU
		{676393AE-D955-4A89-BB11-CF9597092D9E}.Debug|Any CPU.ActiveCfg = Debug|Any CPU
		{676393AE-D955-4A89-BB11-CF9597092D9E}.Debug|Any CPU.Build.0 = Debug|Any CPU
		{676393AE-D955-4A89-BB11-CF9597092D9E}.Release|Any CPU.ActiveCfg = Release|Any CPU
		{676393AE-D955-4A89-BB11-CF9597092D9E}.Release|Any CPU.Build.0 = Release|Any CPU
		{F1E945FD-8C1A-49A2-9C25-C33D5F08BAEA}.Debug|Any CPU.ActiveCfg = Debug|Any CPU
		{F1E945FD-8C1A-49A2-9C25-C33D5F08BAEA}.Debug|Any CPU.Build.0 = Debug|Any CPU
		{F1E945FD-8C1A-49A2-9C25-C33D5F08BAEA}.Release|Any CPU.ActiveCfg = Release|Any CPU
		{F1E945FD-8C1A-49A2-9C25-C33D5F08BAEA}.Release|Any CPU.Build.0 = Release|Any CPU
		{BCAB205D-213F-44A1-B407-5E27E5B6E718}.Debug|Any CPU.ActiveCfg = Debug|Any CPU
		{BCAB205D-213F-44A1-B407-5E27E5B6E718}.Debug|Any CPU.Build.0 = Debug|Any CPU
		{BCAB205D-213F-44A1-B407-5E27E5B6E718}.Release|Any CPU.ActiveCfg = Release|Any CPU
		{BCAB205D-213F-44A1-B407-5E27E5B6E718}.Release|Any CPU.Build.0 = Release|Any CPU
		{66B9DCAB-EAAD-4C50-8C9C-E96F436C4510}.Debug|Any CPU.ActiveCfg = Debug|Any CPU
		{66B9DCAB-EAAD-4C50-8C9C-E96F436C4510}.Debug|Any CPU.Build.0 = Debug|Any CPU
		{66B9DCAB-EAAD-4C50-8C9C-E96F436C4510}.Release|Any CPU.ActiveCfg = Release|Any CPU
		{66B9DCAB-EAAD-4C50-8C9C-E96F436C4510}.Release|Any CPU.Build.0 = Release|Any CPU
		{31615263-CBBD-47CC-9D8F-1F2674938C67}.Debug|Any CPU.ActiveCfg = Debug|Any CPU
		{31615263-CBBD-47CC-9D8F-1F2674938C67}.Debug|Any CPU.Build.0 = Debug|Any CPU
		{31615263-CBBD-47CC-9D8F-1F2674938C67}.Release|Any CPU.ActiveCfg = Release|Any CPU
		{31615263-CBBD-47CC-9D8F-1F2674938C67}.Release|Any CPU.Build.0 = Release|Any CPU
	EndGlobalSection
	GlobalSection(SolutionProperties) = preSolution
		HideSolutionNode = FALSE
	EndGlobalSection
	GlobalSection(NestedProjects) = preSolution
		{B958C644-3C0B-4497-B8B2-C225713A2A91} = {06302422-4C83-436E-AD15-139B16D0F479}
		{07B1870B-D72F-435F-B4B5-50B6BCE71E0F} = {06302422-4C83-436E-AD15-139B16D0F479}
		{6D9D3451-B18D-42F2-847E-0B337668A6ED} = {06302422-4C83-436E-AD15-139B16D0F479}
		{AB9624FB-27E6-49DC-A369-2FC8AF664729} = {06302422-4C83-436E-AD15-139B16D0F479}
		{E5DF32F0-3336-4E43-8B7C-AF9D4171AB7D} = {06302422-4C83-436E-AD15-139B16D0F479}
		{C33D34BA-6105-4EBB-98A9-FC5230AD8632} = {E8FF38B3-B3E2-4162-A762-C9220E7672ED}
		{95556809-EB39-435D-A850-D96CCE538911} = {E8FF38B3-B3E2-4162-A762-C9220E7672ED}
		{D0F3E397-E6A8-41DC-8175-2F8AA9B97852} = {E8FF38B3-B3E2-4162-A762-C9220E7672ED}
		{09CBDCA5-BDC3-4EA1-B40E-D0B2ED6DC45C} = {E8FF38B3-B3E2-4162-A762-C9220E7672ED}
		{A913E591-62DD-4A04-8472-407CF7A58D1B} = {E8FF38B3-B3E2-4162-A762-C9220E7672ED}
		{57AD9C3A-F128-453A-B5C8-F716274B967F} = {4160DF20-D6F3-4E6E-803C-C89798718A23}
		{273715AF-0D03-44FD-B229-880938B80C12} = {4160DF20-D6F3-4E6E-803C-C89798718A23}
		{DC1157F1-7037-4AA9-9B1B-0C857E29CF90} = {4160DF20-D6F3-4E6E-803C-C89798718A23}
		{3E4BD0C8-AC38-4F5A-984F-5DA5530D0443} = {4160DF20-D6F3-4E6E-803C-C89798718A23}
		{676393AE-D955-4A89-BB11-CF9597092D9E} = {E578BFAB-BFEF-4295-81EC-00AB82C90F34}
		{F1E945FD-8C1A-49A2-9C25-C33D5F08BAEA} = {E578BFAB-BFEF-4295-81EC-00AB82C90F34}
		{BCAB205D-213F-44A1-B407-5E27E5B6E718} = {E578BFAB-BFEF-4295-81EC-00AB82C90F34}
		{66B9DCAB-EAAD-4C50-8C9C-E96F436C4510} = {E578BFAB-BFEF-4295-81EC-00AB82C90F34}
		{31615263-CBBD-47CC-9D8F-1F2674938C67} = {C0FDFB05-B630-4621-9676-96E178D5196D}
	EndGlobalSection
	GlobalSection(ExtensibilityGlobals) = postSolution
		SolutionGuid = {8B3418F3-5EE7-458A-AE7E-9348B9255DE6}
	EndGlobalSection
EndGlobal
